{
  "name": "encoding_examples",
  "lockfileVersion": 3,
  "requires": true,
  "packages": {
    "": {
      "dependencies": {
        "music21j": "^0.13.6"
      }
    },
    "node_modules/jquery": {
      "version": "3.7.0",
      "resolved": "https://registry.npmjs.org/jquery/-/jquery-3.7.0.tgz",
      "integrity": "sha512-umpJ0/k8X0MvD1ds0P9SfowREz2LenHsQaxSohMZ5OMNEU2r0tf8pdeEFTHMFxWVxKNyU9rTtK3CWzUCTKJUeQ=="
    },
    "node_modules/jsonpickle": {
      "version": "1.1.2",
      "resolved": "https://registry.npmjs.org/jsonpickle/-/jsonpickle-1.1.2.tgz",
      "integrity": "sha512-hVOxq83lHilSvx5aLqe2cKTmKYZDkqVD1XgZ6Q75HdpjTYvOF6fRBgTNxCjxXQ1NclmsxO/nsbhxTjl8gYpTgQ==",
      "dependencies": {
        "regenerator-runtime": "^0.13.3"
      }
    },
    "node_modules/midicube": {
      "version": "0.6.2",
      "resolved": "https://registry.npmjs.org/midicube/-/midicube-0.6.2.tgz",
      "integrity": "sha512-pwhGQ1yUBVMgGdxPLaH0mNr7+mTIEyGOtjXgv1jY0KFy891Ev7jMo+DqZ+estmTQY7mVAW/0k43oCCADYbOVKQ==",
      "dependencies": {
        "regenerator-runtime": "^0.13.11"
      }
    },
    "node_modules/music21j": {
      "version": "0.13.6",
      "resolved": "https://registry.npmjs.org/music21j/-/music21j-0.13.6.tgz",
      "integrity": "sha512-oAXErqYtIGrF8X4fIJiztlOgggWxvGgHbNjTg+VfQbl6gIwe3oYzSxCcyXkDBCaeaZwkW2Rvjd6WkTTmKCavyQ==",
      "hasInstallScript": true,
      "dependencies": {
        "jquery": "^3.6.1",
        "jsonpickle": "^1.1.2",
        "midicube": "^0.6.1",
        "vexflow": "^4.1.0"
      }
    },
    "node_modules/regenerator-runtime": {
      "version": "0.13.11",
      "resolved": "https://registry.npmjs.org/regenerator-runtime/-/regenerator-runtime-0.13.11.tgz",
      "integrity": "sha512-kY1AZVr2Ra+t+piVaJ4gxaFaReZVH40AKNo7UCX6W+dEwBo/2oZJzqfuN1qLq1oL45o56cPaTXELwrTh8Fpggg=="
    },
    "node_modules/vexflow": {
      "version": "4.2.1",
      "resolved": "https://registry.npmjs.org/vexflow/-/vexflow-4.2.1.tgz",
      "integrity": "sha512-6ol2D2f+T9aQwhQaGP9++B/GXOuEwl/+v7TKnpSJIfv4gJVN8IBPLfuoFkNeJ0BwqbmnAuErs/PCroETn3AK8w=="
    }
  }
}
